// !$*UTF8*$!
{
	archiveVersion = 1;
	classes = {
	};
	objectVersion = 50;
	objects = {

/* Begin PBXBuildFile section */
		CD10409523C40EAC008FF95F /* AppDelegate.swift in Sources */ = {isa = PBXBuildFile; fileRef = CD10409423C40EAC008FF95F /* AppDelegate.swift */; };
		CD10409723C40EAC008FF95F /* SceneDelegate.swift in Sources */ = {isa = PBXBuildFile; fileRef = CD10409623C40EAC008FF95F /* SceneDelegate.swift */; };
		CD10409923C40EAC008FF95F /* ViewController.swift in Sources */ = {isa = PBXBuildFile; fileRef = CD10409823C40EAC008FF95F /* ViewController.swift */; };
		CD10409C23C40EAC008FF95F /* Main.storyboard in Resources */ = {isa = PBXBuildFile; fileRef = CD10409A23C40EAC008FF95F /* Main.storyboard */; };
		CD10409E23C40EAD008FF95F /* Assets.xcassets in Resources */ = {isa = PBXBuildFile; fileRef = CD10409D23C40EAD008FF95F /* Assets.xcassets */; };
		CD1040A123C40EAD008FF95F /* LaunchScreen.storyboard in Resources */ = {isa = PBXBuildFile; fileRef = CD10409F23C40EAD008FF95F /* LaunchScreen.storyboard */; };
/* End PBXBuildFile section */

/* Begin PBXFileReference section */
		CD10409123C40EAC008FF95F /* BlockMoving.app */ = {isa = PBXFileReference; explicitFileType = wrapper.application; includeInIndex = 0; path = BlockMoving.app; sourceTree = BUILT_PRODUCTS_DIR; };
		CD10409423C40EAC008FF95F /* AppDelegate.swift */ = {isa = PBXFileReference; lastKnownFileType = sourcecode.swift; path = AppDelegate.swift; sourceTree = "<group>"; };
		CD10409623C40EAC008FF95F /* SceneDelegate.swift */ = {isa = PBXFileReference; lastKnownFileType = sourcecode.swift; path = SceneDelegate.swift; sourceTree = "<group>"; };
		CD10409823C40EAC008FF95F /* ViewController.swift */ = {isa = PBXFileReference; lastKnownFileType = sourcecode.swift; path = ViewController.swift; sourceTree = "<group>"; };
		CD10409B23C40EAC008FF95F /* Base */ = {isa = PBXFileReference; lastKnownFileType = file.storyboard; name = Base; path = Base.lproj/Main.storyboard; sourceTree = "<group>"; };
		CD10409D23C40EAD008FF95F /* Assets.xcassets */ = {isa = PBXFileReference; lastKnownFileType = folder.assetcatalog; path = Assets.xcassets; sourceTree = "<group>"; };
		CD1040A023C40EAD008FF95F /* Base */ = {isa = PBXFileReference; lastKnownFileType = file.storyboard; name = Base; path = Base.lproj/LaunchScreen.storyboard; sourceTree = "<group>"; };
		CD1040A223C40EAD008FF95F /* Info.plist */ = {isa = PBXFileReference; lastKnownFileType = text.plist.xml; path = Info.plist; sourceTree = "<group>"; };
/* End PBXFileReference section */

/* Begin PBXFrameworksBuildPhase section */
		CD10408E23C40EAC008FF95F /* Frameworks */ = {
			isa = PBXFrameworksBuildPhase;
			buildActionMask = 2147483647;
			files = (
			);
			runOnlyForDeploymentPostprocessing = 0;
		};
/* End PBXFrameworksBuildPhase section */

/* Begin PBXGroup section */
		CD10408823C40EAC008FF95F = {
			isa = PBXGroup;
			children = (
				CD10409323C40EAC008FF95F /* BlockMoving */,
				CD10409223C40EAC008FF95F /* Products */,
			);
			sourceTree = "<group>";
		};
		CD10409223C40EAC008FF95F /* Products */ = {
			isa = PBXGroup;
			children = (
				CD10409123C40EAC008FF95F /* BlockMoving.app */,
			);
			name = Products;
			sourceTree = "<group>";
		};
		CD10409323C40EAC008FF95F /* BlockMoving */ = {
			isa = PBXGroup;
			children = (
				CD10409423C40EAC008FF95F /* AppDelegate.swift */,
				CD10409623C40EAC008FF95F /* SceneDelegate.swift */,
				CD10409823C40EAC008FF95F /* ViewController.swift */,
				CD10409A23C40EAC008FF95F /* Main.storyboard */,
				CD10409D23C40EAD008FF95F /* Assets.xcassets */,
				CD10409F23C40EAD008FF95F /* LaunchScreen.storyboard */,
				CD1040A223C40EAD008FF95F /* Info.plist */,
			);
			path = BlockMoving;
			sourceTree = "<group>";
		};
/* End PBXGroup section */

/* Begin PBXNativeTarget section */
		CD10409023C40EAC008FF95F /* BlockMoving */ = {
			isa = PBXNativeTarget;
			buildConfigurationList = CD1040A523C40EAD008FF95F /* Build configuration list for PBXNativeTarget "BlockMoving" */;
			buildPhases = (
				CD10408D23C40EAC008FF95F /* Sources */,
				CD10408E23C40EAC008FF95F /* Frameworks */,
				CD10408F23C40EAC008FF95F /* Resources */,
			);
			buildRules = (
			);
			dependencies = (
			);
			name = BlockMoving;
			productName = BlockMoving;
			productReference = CD10409123C40EAC008FF95F /* BlockMoving.app */;
			productType = "com.apple.product-type.application";
		};
/* End PBXNativeTarget section */

/* Begin PBXProject section */
		CD10408923C40EAC008FF95F /* Project object */ = {
			isa = PBXProject;
			attributes = {
				LastSwiftUpdateCheck = 1130;
				LastUpgradeCheck = 1130;
				ORGANIZATIONNAME = SanDEV;
				TargetAttributes = {
					CD10409023C40EAC008FF95F = {
						CreatedOnToolsVersion = 11.3;
					};
				};
			};
			buildConfigurationList = CD10408C23C40EAC008FF95F /* Build configuration list for PBXProject "BlockMoving" */;
			compatibilityVersion = "Xcode 9.3";
			developmentRegion = en;
			hasScannedForEncodings = 0;
			knownRegions = (
				en,
				Base,
			);
			mainGroup = CD10408823C40EAC008FF95F;
			productRefGroup = CD10409223C40EAC008FF95F /* Products */;
			projectDirPath = "";
			projectRoot = "";
			targets = (
				CD10409023C40EAC008FF95F /* BlockMoving */,
			);
		};
/* End PBXProject section */

/* Begin PBXResourcesBuildPhase section */
		CD10408F23C40EAC008FF95F /* Resources */ = {
			isa = PBXResourcesBuildPhase;
			buildActionMask = 2147483647;
			files = (
				CD1040A123C40EAD008FF95F /* LaunchScreen.storyboard in Resources */,
				CD10409E23C40EAD008FF95F /* Assets.xcassets in Resources */,
				CD10409C23C40EAC008FF95F /* Main.storyboard in Resources */,
			);
			runOnlyForDeploymentPostprocessing = 0;
		};
/* End PBXResourcesBuildPhase section */

/* Begin PBXSourcesBuildPhase section */
		CD10408D23C40EAC008FF95F /* Sources */ = {
			isa = PBXSourcesBuildPhase;
			buildActionMask = 2147483647;
			files = (
				CD10409923C40EAC008FF95F /* ViewController.swift in Sources */,
				CD10409523C40EAC008FF95F /* AppDelegate.swift in Sources */,
				CD10409723C40EAC008FF95F /* SceneDelegate.swift in Sources */,
			);
			runOnlyForDeploymentPostprocessing = 0;
		};
/* End PBXSourcesBuildPhase section */

/* Begin PBXVariantGroup section */
		CD10409A23C40EAC008FF95F /* Main.storyboard */ = {
			isa = PBXVariantGroup;
			children = (
				CD10409B23C40EAC008FF95F /* Base */,
			);
			name = Main.storyboard;
			sourceTree = "<group>";
		};
		CD10409F23C40EAD008FF95F /* LaunchScreen.storyboard */ = {
			isa = PBXVariantGroup;
			children = (
				CD1040A023C40EAD008FF95F /* Base */,
			);
			name = LaunchScreen.storyboard;
			sourceTree = "<group>";
		};
/* End PBXVariantGroup section */

/* Begin XCBuildConfiguration section */
		CD1040A323C40EAD008FF95F /* Debug */ = {
			isa = XCBuildConfiguration;
			buildSettings = {
				ALWAYS_SEARCH_USER_PATHS = NO;
				CLANG_ANALYZER_NONNULL = YES;
				CLANG_ANALYZER_NUMBER_OBJECT_CONVERSION = YES_AGGRESSIVE;
				CLANG_CXX_LANGUAGE_STANDARD = "gnu++14";
				CLANG_CXX_LIBRARY = "libc++";
				CLANG_ENABLE_MODULES = YES;
				CLANG_ENABLE_OBJC_ARC = YES;
				CLANG_ENABLE_OBJC_WEAK = YES;
				CLANG_WARN_BLOCK_CAPTURE_AUTORELEASING = YES;
				CLANG_WARN_BOOL_CONVERSION = YES;
				CLANG_WARN_COMMA = YES;
				CLANG_WARN_CONSTANT_CONVERSION = YES;
				CLANG_WARN_DEPRECATED_OBJC_IMPLEMENTATIONS = YES;
				CLANG_WARN_DIRECT_OBJC_ISA_USAGE = YES_ERROR;
				CLANG_WARN_DOCUMENTATION_COMMENTS = YES;
				CLANG_WARN_EMPTY_BODY = YES;
				CLANG_WARN_ENUM_CONVERSION = YES;
				CLANG_WARN_INFINITE_RECURSION = YES;
				CLANG_WARN_INT_CONVERSION = YES;
				CLANG_WARN_NON_LITERAL_NULL_CONVERSION = YES;
				CLANG_WARN_OBJC_IMPLICIT_RETAIN_SELF = YES;
				CLANG_WARN_OBJC_LITERAL_CONVERSION = YES;
				CLANG_WARN_OBJC_ROOT_CLASS = YES_ERROR;
				CLANG_WARN_RANGE_LOOP_ANALYSIS = YES;
				CLANG_WARN_STRICT_PROTOTYPES = YES;
				CLANG_WARN_SUSPICIOUS_MOVE = YES;
				CLANG_WARN_UNGUARDED_AVAILABILITY = YES_AGGRESSIVE;
				CLANG_WARN_UNREACHABLE_CODE = YES;
				CLANG_WARN__DUPLICATE_METHOD_MATCH = YES;
				COPY_PHASE_STRIP = NO;
				DEBUG_INFORMATION_FORMAT = dwarf;
				ENABLE_STRICT_OBJC_MSGSEND = YES;
				ENABLE_TESTABILITY = YES;
				GCC_C_LANGUAGE_STANDARD = gnu11;
				GCC_DYNAMIC_NO_PIC = NO;
				GCC_NO_COMMON_BLOCKS = YES;
				GCC_OPTIMIZATION_LEVEL = 0;
				GCC_PREPROCESSOR_DEFINITIONS = (
					"DEBUG=1",
					"$(inherited)",
				);
				GCC_WARN_64_TO_32_BIT_CONVERSION = YES;
				GCC_WARN_ABOUT_RETURN_TYPE = YES_ERROR;
				GCC_WARN_UNDECLARED_SELECTOR = YES;
				GCC_WARN_UNINITIALIZED_AUTOS = YES_AGGRESSIVE;
				GCC_WARN_UNUSED_FUNCTION = YES;
				GCC_WARN_UNUSED_VARIABLE = YES;
				IPHONEOS_DEPLOYMENT_TARGET = 13.2;
				MTL_ENABLE_DEBUG_INFO = INCLUDE_SOURCE;
				MTL_FAST_MATH = YES;
				ONLY_ACTIVE_ARCH = YES;
				SDKROOT = iphoneos;
				SWIFT_ACTIVE_COMPILATION_CONDITIONS = DEBUG;
				SWIFT_OPTIMIZATION_LEVEL = "-Onone";
			};
			name = Debug;
		};
		CD1040A423C40EAD008FF95F /* Release */ = {
			isa = XCBuildConfiguration;
			buildSettings = {
				ALWAYS_SEARCH_USER_PATHS = NO;
				CLANG_ANALYZER_NONNULL = YES;
				CLANG_ANALYZER_NUMBER_OBJECT_CONVERSION = YES_AGGRESSIVE;
				CLANG_CXX_LANGUAGE_STANDARD = "gnu++14";
				CLANG_CXX_LIBRARY = "libc++";
				CLANG_ENABLE_MODULES = YES;
				CLANG_ENABLE_OBJC_ARC = YES;
				CLANG_ENABLE_OBJC_WEAK = YES;
				CLANG_WARN_BLOCK_CAPTURE_AUTORELEASING = YES;
				CLANG_WARN_BOOL_CONVERSION = YES;
				CLANG_WARN_COMMA = YES;
				CLANG_WARN_CONSTANT_CONVERSION = YES;
				CLANG_WARN_DEPRECATED_OBJC_IMPLEMENTATIONS = YES;
				CLANG_WARN_DIRECT_OBJC_ISA_USAGE = YES_ERROR;
				CLANG_WARN_DOCUMENTATION_COMMENTS = YES;
				CLANG_WARN_EMPTY_BODY = YES;
				CLANG_WARN_ENUM_CONVERSION = YES;
				CLANG_WARN_INFINITE_RECURSION = YES;
				CLANG_WARN_INT_CONVERSION = YES;
				CLANG_WARN_NON_LITERAL_NULL_CONVERSION = YES;
				CLANG_WARN_OBJC_IMPLICIT_RETAIN_SELF = YES;
				CLANG_WARN_OBJC_LITERAL_CONVERSION = YES;
				CLANG_WARN_OBJC_ROOT_CLASS = YES_ERROR;
				CLANG_WARN_RANGE_LOOP_ANALYSIS = YES;
				CLANG_WARN_STRICT_PROTOTYPES = YES;
				CLANG_WARN_SUSPICIOUS_MOVE = YES;
				CLANG_WARN_UNGUARDED_AVAILABILITY = YES_AGGRESSIVE;
				CLANG_WARN_UNREACHABLE_CODE = YES;
				CLANG_WARN__DUPLICATE_METHOD_MATCH = YES;
				COPY_PHASE_STRIP = NO;
				DEBUG_INFORMATION_FORMAT = "dwarf-with-dsym";
				ENABLE_NS_ASSERTIONS = NO;
				ENABLE_STRICT_OBJC_MSGSEND = YES;
				GCC_C_LANGUAGE_STANDARD = gnu11;
				GCC_NO_COMMON_BLOCKS = YES;
				GCC_WARN_64_TO_32_BIT_CONVERSION = YES;
				GCC_WARN_ABOUT_RETURN_TYPE = YES_ERROR;
				GCC_WARN_UNDECLARED_SELECTOR = YES;
				GCC_WARN_UNINITIALIZED_AUTOS = YES_AGGRESSIVE;
				GCC_WARN_UNUSED_FUNCTION = YES;
				GCC_WARN_UNUSED_VARIABLE = YES;
				IPHONEOS_DEPLOYMENT_TARGET = 13.2;
				MTL_ENABLE_DEBUG_INFO = NO;
				MTL_FAST_MATH = YES;
				SDKROOT = iphoneos;
				SWIFT_COMPILATION_MODE = wholemodule;
				SWIFT_OPTIMIZATION_LEVEL = "-O";
				VALIDATE_PRODUCT = YES;
			};
			name = Release;
		};
		CD1040A623C40EAD008FF95F /* Debug */ = {
			isa = XCBuildConfiguration;
			buildSettings = {
				ASSETCATALOG_COMPILER_APPICON_NAME = AppIcon;
				CODE_SIGN_STYLE = Automatic;
				INFOPLIST_FILE = BlockMoving/Info.plist;
				LD_RUNPATH_SEARCH_PATHS = (
					"$(inherited)",
					"@executable_path/Frameworks",
				);
				PRODUCT_BUNDLE_IDENTIFIER = LOVE.BlockMoving;
				PRODUCT_NAME = "$(TARGET_NAME)";
				SWIFT_VERSION = 5.0;
				TARGETED_DEVICE_FAMILY = "1,2";
			};
			name = Debug;
		};
		CD1040A723C40EAD008FF95F /* Release */ = {
			isa = XCBuildConfiguration;
			buildSettings = {
				ASSETCATALOG_COMPILER_APPICON_NAME = AppIcon;
				CODE_SIGN_STYLE = Automatic;
				INFOPLIST_FILE = BlockMoving/Info.plist;
				LD_RUNPATH_SEARCH_PATHS = (
					"$(inherited)",
					"@executable_path/Frameworks",
				);
				PRODUCT_BUNDLE_IDENTIFIER = LOVE.BlockMoving;
				PRODUCT_NAME = "$(TARGET_NAME)";
				SWIFT_VERSION = 5.0;
				TARGETED_DEVICE_FAMILY = "1,2";
			};
			name = Release;
		};
/* End XCBuildConfiguration section */

/* Begin XCConfigurationList section */
		CD10408C23C40EAC008FF95F /* Build configuration list for PBXProject "BlockMoving" */ = {
			isa = XCConfigurationList;
			buildConfigurations = (
				CD1040A323C40EAD008FF95F /* Debug */,
				CD1040A423C40EAD008FF95F /* Release */,
			);
			defaultConfigurationIsVisible = 0;
			defaultConfigurationName = Release;
		};
		CD1040A523C40EAD008FF95F /* Build configuration list for PBXNativeTarget "BlockMoving" */ = {
			isa = XCConfigurationList;
			buildConfigurations = (
				CD1040A623C40EAD008FF95F /* Debug */,
				CD1040A723C40EAD008FF95F /* Release */,
			);
			defaultConfigurationIsVisible = 0;
			defaultConfigurationName = Release;
		};
/* End XCConfigurationList section */
	};
	rootObject = CD10408923C40EAC008FF95F /* Project object */;
}
